
Microsoft Visual Studio Solution File, Format Version 12.00
# Visual Studio Version 17
VisualStudioVersion = 17.6.33829.357
MinimumVisualStudioVersion = 10.0.40219.1
Project("{FAE04EC0-301F-11D3-BF4B-00C04F79EFBC}") = "dotnet-6-sandbox", "dotnet-6-sandbox.csproj", "{56340A7E-4981-4A02-86A9-8C228902EEDE}"
EndProject
Global
	GlobalSection(SolutionConfigurationPlatforms) = preSolution
		Debug|Any CPU = Debug|Any CPU
		Release|Any CPU = Release|Any CPU
	EndGlobalSection
	GlobalSection(ProjectConfigurationPlatforms) = postSolution
		{56340A7E-4981-4A02-86A9-8C228902EEDE}.Debug|Any CPU.ActiveCfg = Debug|Any CPU
		{56340A7E-4981-4A02-86A9-8C228902EEDE}.Debug|Any CPU.Build.0 = Debug|Any CPU
		{56340A7E-4981-4A02-86A9-8C228902EEDE}.Release|Any CPU.ActiveCfg = Release|Any CPU
		{56340A7E-4981-4A02-86A9-8C228902EEDE}.Release|Any CPU.Build.0 = Release|Any CPU
	EndGlobalSection
	GlobalSection(SolutionProperties) = preSolution
		HideSolutionNode = FALSE
	EndGlobalSection
	GlobalSection(ExtensibilityGlobals) = postSolution
		SolutionGuid = {1B24EF84-0438-4CE9-9133-5ED4442A627E}
	EndGlobalSection
EndGlobal
